
Microsoft Visual Studio Solution File, Format Version 12.00
# Visual Studio Version 17
VisualStudioVersion = 17.4.33110.190
MinimumVisualStudioVersion = 10.0.40219.1
Project("{FAE04EC0-301F-11D3-BF4B-00C04F79EFBC}") = "adachi-reaction-bot", "adachi-reaction-bot.csproj", "{041F0B93-E39C-446B-A4CD-76E866A1A834}"
EndProject
Global
	GlobalSection(SolutionConfigurationPlatforms) = preSolution
		Debug|Any CPU = Debug|Any CPU
		Release|Any CPU = Release|Any CPU
	EndGlobalSection
	GlobalSection(ProjectConfigurationPlatforms) = postSolution
		{041F0B93-E39C-446B-A4CD-76E866A1A834}.Debug|Any CPU.ActiveCfg = Debug|Any CPU
		{041F0B93-E39C-446B-A4CD-76E866A1A834}.Debug|Any CPU.Build.0 = Debug|Any CPU
		{041F0B93-E39C-446B-A4CD-76E866A1A834}.Release|Any CPU.ActiveCfg = Release|Any CPU
		{041F0B93-E39C-446B-A4CD-76E866A1A834}.Release|Any CPU.Build.0 = Release|Any CPU
	EndGlobalSection
	GlobalSection(SolutionProperties) = preSolution
		HideSolutionNode = FALSE
	EndGlobalSection
	GlobalSection(ExtensibilityGlobals) = postSolution
		SolutionGuid = {204A424F-5B39-48FA-98D9-8046DB71E18A}
	EndGlobalSection
EndGlobal
